// !$*UTF8*$!
{
	archiveVersion = 1;
	classes = {
	};
	objectVersion = 46;
	objects = {

/* Begin PBXBuildFile section */
		4A045C5417FC036300E2E2BA /* Foundation.framework in Frameworks */ = {isa = PBXBuildFile; fileRef = 4A045C5317FC036300E2E2BA /* Foundation.framework */; };
		4A045C5617FC036300E2E2BA /* CoreGraphics.framework in Frameworks */ = {isa = PBXBuildFile; fileRef = 4A045C5517FC036300E2E2BA /* CoreGraphics.framework */; };
		4A045C5817FC036300E2E2BA /* UIKit.framework in Frameworks */ = {isa = PBXBuildFile; fileRef = 4A045C5717FC036300E2E2BA /* UIKit.framework */; };
		4A045C5E17FC036300E2E2BA /* InfoPlist.strings in Resources */ = {isa = PBXBuildFile; fileRef = 4A045C5C17FC036300E2E2BA /* InfoPlist.strings */; };
		4A045C6017FC036300E2E2BA /* main.m in Sources */ = {isa = PBXBuildFile; fileRef = 4A045C5F17FC036300E2E2BA /* main.m */; };
		4A045C6417FC036300E2E2BA /* AppDelegate.m in Sources */ = {isa = PBXBuildFile; fileRef = 4A045C6317FC036300E2E2BA /* AppDelegate.m */; };
		4A045C6717FC036300E2E2BA /* Main_iPhone.storyboard in Resources */ = {isa = PBXBuildFile; fileRef = 4A045C6517FC036300E2E2BA /* Main_iPhone.storyboard */; };
		4A045C6A17FC036300E2E2BA /* Main_iPad.storyboard in Resources */ = {isa = PBXBuildFile; fileRef = 4A045C6817FC036300E2E2BA /* Main_iPad.storyboard */; };
		4A045C6D17FC036300E2E2BA /* PlanningViewController.m in Sources */ = {isa = PBXBuildFile; fileRef = 4A045C6C17FC036300E2E2BA /* PlanningViewController.m */; };
		4A045C7017FC036300E2E2BA /* TwitterViewController.m in Sources */ = {isa = PBXBuildFile; fileRef = 4A045C6F17FC036300E2E2BA /* TwitterViewController.m */; };
		4A045C7217FC036400E2E2BA /* Images.xcassets in Resources */ = {isa = PBXBuildFile; fileRef = 4A045C7117FC036400E2E2BA /* Images.xcassets */; };
		4A045C7917FC036400E2E2BA /* XCTest.framework in Frameworks */ = {isa = PBXBuildFile; fileRef = 4A045C7817FC036400E2E2BA /* XCTest.framework */; };
		4A045C7A17FC036400E2E2BA /* Foundation.framework in Frameworks */ = {isa = PBXBuildFile; fileRef = 4A045C5317FC036300E2E2BA /* Foundation.framework */; };
		4A045C7B17FC036400E2E2BA /* UIKit.framework in Frameworks */ = {isa = PBXBuildFile; fileRef = 4A045C5717FC036300E2E2BA /* UIKit.framework */; };
		4A045C8317FC036400E2E2BA /* InfoPlist.strings in Resources */ = {isa = PBXBuildFile; fileRef = 4A045C8117FC036400E2E2BA /* InfoPlist.strings */; };
		4A045C8517FC036400E2E2BA /* IAETests.m in Sources */ = {isa = PBXBuildFile; fileRef = 4A045C8417FC036400E2E2BA /* IAETests.m */; };
		4A045C9017FC299900E2E2BA /* PlanningCell.m in Sources */ = {isa = PBXBuildFile; fileRef = 4A045C8F17FC299900E2E2BA /* PlanningCell.m */; };
		4A1F0D181827BD0200027A8B /* ArticlesCell.m in Sources */ = {isa = PBXBuildFile; fileRef = 4A1F0D171827BD0200027A8B /* ArticlesCell.m */; };
		4A20BCC5182BC6BF00E5EF8C /* iae-paris1-rue.png in Resources */ = {isa = PBXBuildFile; fileRef = 4A20BCC4182BC6BF00E5EF8C /* iae-paris1-rue.png */; };
		4A3681B0182D2AA500310672 /* ArticlesTableViewController.m in Sources */ = {isa = PBXBuildFile; fileRef = 4A3681AF182D2AA500310672 /* ArticlesTableViewController.m */; };
		4A39AC6518620F8400E5ECB9 /* Event.m in Sources */ = {isa = PBXBuildFile; fileRef = 4A39AC6418620F8400E5ECB9 /* Event.m */; };
		4A45BADD183A0F4600F75772 /* SystemConfiguration.framework in Frameworks */ = {isa = PBXBuildFile; fileRef = 4A45BADC183A0F4600F75772 /* SystemConfiguration.framework */; };
		4A45BAE0183A10C600F75772 /* Reachability.m in Sources */ = {isa = PBXBuildFile; fileRef = 4A45BADF183A10C600F75772 /* Reachability.m */; };
		4A45BAE2183A40DF00F75772 /* EventKit.framework in Frameworks */ = {isa = PBXBuildFile; fileRef = 4A45BAE1183A40DF00F75772 /* EventKit.framework */; };
		4A48368B182CED4D009E7970 /* planning.png in Resources */ = {isa = PBXBuildFile; fileRef = 4A48368A182CED4D009E7970 /* planning.png */; };
		4A48368F182CEE98009E7970 /* agenda.png in Resources */ = {isa = PBXBuildFile; fileRef = 4A48368E182CEE98009E7970 /* agenda.png */; };
		4A483691182CEEEA009E7970 /* actualites2.png in Resources */ = {isa = PBXBuildFile; fileRef = 4A483690182CEEEA009E7970 /* actualites2.png */; };
		4A483693182CF058009E7970 /* logo-IAE.png in Resources */ = {isa = PBXBuildFile; fileRef = 4A483692182CF058009E7970 /* logo-IAE.png */; };
		4A4BCE7D185F0BFA00BEB577 /* social-icon-fb.png in Resources */ = {isa = PBXBuildFile; fileRef = 4A4BCE79185F0BFA00BEB577 /* social-icon-fb.png */; };
		4A4BCE7E185F0BFA00BEB577 /* social-icon-in.png in Resources */ = {isa = PBXBuildFile; fileRef = 4A4BCE7A185F0BFA00BEB577 /* social-icon-in.png */; };
		4A4BCE7F185F0BFA00BEB577 /* social-icon-tw.png in Resources */ = {isa = PBXBuildFile; fileRef = 4A4BCE7B185F0BFA00BEB577 /* social-icon-tw.png */; };
		4A4BCE80185F0BFA00BEB577 /* social-icon-yt.png in Resources */ = {isa = PBXBuildFile; fileRef = 4A4BCE7C185F0BFA00BEB577 /* social-icon-yt.png */; };
		4A4BCE83185F188300BEB577 /* date_to_calendar-small.png in Resources */ = {isa = PBXBuildFile; fileRef = 4A4BCE82185F188300BEB577 /* date_to_calendar-small.png */; };
		4A90FDEB182ABB470067CBFE /* infosViewController.m in Sources */ = {isa = PBXBuildFile; fileRef = 4A90FDEA182ABB470067CBFE /* infosViewController.m */; };
		4AAE222F18587D95003A3227 /* Model.xcdatamodeld in Sources */ = {isa = PBXBuildFile; fileRef = 4AAE222D18587D95003A3227 /* Model.xcdatamodeld */; };
		4AAE223218587EBF003A3227 /* Article.m in Sources */ = {isa = PBXBuildFile; fileRef = 4AAE223118587EBF003A3227 /* Article.m */; };
		4AC744C1182A55E00087E45F /* EventDetailsViewController.m in Sources */ = {isa = PBXBuildFile; fileRef = 4AC744C0182A55E00087E45F /* EventDetailsViewController.m */; };
		4AD246891827ECEE00ACDF4E /* ArticleDetailsViewController.m in Sources */ = {isa = PBXBuildFile; fileRef = 4AD246881827ECEE00ACDF4E /* ArticleDetailsViewController.m */; };
		4AE478C018043B2400C8CD7E /* Social.framework in Frameworks */ = {isa = PBXBuildFile; fileRef = 4AE478BF18043B2400C8CD7E /* Social.framework */; };
		4AE478C218043B3100C8CD7E /* Accounts.framework in Frameworks */ = {isa = PBXBuildFile; fileRef = 4AE478C118043B3100C8CD7E /* Accounts.framework */; };
		4AE478C518044B0A00C8CD7E /* twitterCell.m in Sources */ = {isa = PBXBuildFile; fileRef = 4AE478C418044B0A00C8CD7E /* twitterCell.m */; };
		4AF8D0ED18293A3100437A49 /* EventsCell.m in Sources */ = {isa = PBXBuildFile; fileRef = 4AF8D0EC18293A3100437A49 /* EventsCell.m */; };
		4AF8D0F018293B1300437A49 /* EventsViewController.m in Sources */ = {isa = PBXBuildFile; fileRef = 4AF8D0EF18293B1300437A49 /* EventsViewController.m */; };
		845EA391187AE3DB007E5F84 /* Formation.m in Sources */ = {isa = PBXBuildFile; fileRef = 845EA390187AE3DB007E5F84 /* Formation.m */; };
		845EA394187AE74D007E5F84 /* FormationsViewController.m in Sources */ = {isa = PBXBuildFile; fileRef = 845EA393187AE74D007E5F84 /* FormationsViewController.m */; };
		845EA397187B0670007E5F84 /* FormationDetailsViewController.m in Sources */ = {isa = PBXBuildFile; fileRef = 845EA396187B0670007E5F84 /* FormationDetailsViewController.m */; };
/* End PBXBuildFile section */

/* Begin PBXContainerItemProxy section */
		4A045C7C17FC036400E2E2BA /* PBXContainerItemProxy */ = {
			isa = PBXContainerItemProxy;
			containerPortal = 4A045C4817FC036300E2E2BA /* Project object */;
			proxyType = 1;
			remoteGlobalIDString = 4A045C4F17FC036300E2E2BA;
			remoteInfo = IAE;
		};
/* End PBXContainerItemProxy section */

/* Begin PBXFileReference section */
		4A045C5017FC036300E2E2BA /* IAE.app */ = {isa = PBXFileReference; explicitFileType = wrapper.application; includeInIndex = 0; path = IAE.app; sourceTree = BUILT_PRODUCTS_DIR; };
		4A045C5317FC036300E2E2BA /* Foundation.framework */ = {isa = PBXFileReference; lastKnownFileType = wrapper.framework; name = Foundation.framework; path = System/Library/Frameworks/Foundation.framework; sourceTree = SDKROOT; };
		4A045C5517FC036300E2E2BA /* CoreGraphics.framework */ = {isa = PBXFileReference; lastKnownFileType = wrapper.framework; name = CoreGraphics.framework; path = System/Library/Frameworks/CoreGraphics.framework; sourceTree = SDKROOT; };
		4A045C5717FC036300E2E2BA /* UIKit.framework */ = {isa = PBXFileReference; lastKnownFileType = wrapper.framework; name = UIKit.framework; path = System/Library/Frameworks/UIKit.framework; sourceTree = SDKROOT; };
		4A045C5B17FC036300E2E2BA /* IAE-Info.plist */ = {isa = PBXFileReference; lastKnownFileType = text.plist.xml; path = "IAE-Info.plist"; sourceTree = "<group>"; };
		4A045C5D17FC036300E2E2BA /* en */ = {isa = PBXFileReference; lastKnownFileType = text.plist.strings; name = en; path = en.lproj/InfoPlist.strings; sourceTree = "<group>"; };
		4A045C5F17FC036300E2E2BA /* main.m */ = {isa = PBXFileReference; lastKnownFileType = sourcecode.c.objc; path = main.m; sourceTree = "<group>"; };
		4A045C6117FC036300E2E2BA /* IAE-Prefix.pch */ = {isa = PBXFileReference; lastKnownFileType = sourcecode.c.h; path = "IAE-Prefix.pch"; sourceTree = "<group>"; };
		4A045C6217FC036300E2E2BA /* AppDelegate.h */ = {isa = PBXFileReference; lastKnownFileType = sourcecode.c.h; path = AppDelegate.h; sourceTree = "<group>"; };
		4A045C6317FC036300E2E2BA /* AppDelegate.m */ = {isa = PBXFileReference; lastKnownFileType = sourcecode.c.objc; path = AppDelegate.m; sourceTree = "<group>"; };
		4A045C6617FC036300E2E2BA /* Base */ = {isa = PBXFileReference; lastKnownFileType = file.storyboard; name = Base; path = Base.lproj/Main_iPhone.storyboard; sourceTree = "<group>"; };
		4A045C6917FC036300E2E2BA /* Base */ = {isa = PBXFileReference; lastKnownFileType = file.storyboard; name = Base; path = Base.lproj/Main_iPad.storyboard; sourceTree = "<group>"; };
		4A045C6B17FC036300E2E2BA /* PlanningViewController.h */ = {isa = PBXFileReference; lastKnownFileType = sourcecode.c.h; path = PlanningViewController.h; sourceTree = "<group>"; };
		4A045C6C17FC036300E2E2BA /* PlanningViewController.m */ = {isa = PBXFileReference; lastKnownFileType = sourcecode.c.objc; path = PlanningViewController.m; sourceTree = "<group>"; };
		4A045C6E17FC036300E2E2BA /* TwitterViewController.h */ = {isa = PBXFileReference; lastKnownFileType = sourcecode.c.h; path = TwitterViewController.h; sourceTree = "<group>"; };
		4A045C6F17FC036300E2E2BA /* TwitterViewController.m */ = {isa = PBXFileReference; lastKnownFileType = sourcecode.c.objc; path = TwitterViewController.m; sourceTree = "<group>"; };
		4A045C7117FC036400E2E2BA /* Images.xcassets */ = {isa = PBXFileReference; lastKnownFileType = folder.assetcatalog; path = Images.xcassets; sourceTree = "<group>"; };
		4A045C7717FC036400E2E2BA /* IAETests.xctest */ = {isa = PBXFileReference; explicitFileType = wrapper.cfbundle; includeInIndex = 0; path = IAETests.xctest; sourceTree = BUILT_PRODUCTS_DIR; };
		4A045C7817FC036400E2E2BA /* XCTest.framework */ = {isa = PBXFileReference; lastKnownFileType = wrapper.framework; name = XCTest.framework; path = Library/Frameworks/XCTest.framework; sourceTree = DEVELOPER_DIR; };
		4A045C8017FC036400E2E2BA /* IAETests-Info.plist */ = {isa = PBXFileReference; lastKnownFileType = text.plist.xml; path = "IAETests-Info.plist"; sourceTree = "<group>"; };
		4A045C8217FC036400E2E2BA /* en */ = {isa = PBXFileReference; lastKnownFileType = text.plist.strings; name = en; path = en.lproj/InfoPlist.strings; sourceTree = "<group>"; };
		4A045C8417FC036400E2E2BA /* IAETests.m */ = {isa = PBXFileReference; lastKnownFileType = sourcecode.c.objc; path = IAETests.m; sourceTree = "<group>"; };
		4A045C8E17FC299900E2E2BA /* PlanningCell.h */ = {isa = PBXFileReference; fileEncoding = 4; lastKnownFileType = sourcecode.c.h; path = PlanningCell.h; sourceTree = "<group>"; };
		4A045C8F17FC299900E2E2BA /* PlanningCell.m */ = {isa = PBXFileReference; fileEncoding = 4; lastKnownFileType = sourcecode.c.objc; path = PlanningCell.m; sourceTree = "<group>"; };
		4A1F0D161827BD0200027A8B /* ArticlesCell.h */ = {isa = PBXFileReference; fileEncoding = 4; lastKnownFileType = sourcecode.c.h; path = ArticlesCell.h; sourceTree = "<group>"; };
		4A1F0D171827BD0200027A8B /* ArticlesCell.m */ = {isa = PBXFileReference; fileEncoding = 4; lastKnownFileType = sourcecode.c.objc; path = ArticlesCell.m; sourceTree = "<group>"; };
		4A20BCC4182BC6BF00E5EF8C /* iae-paris1-rue.png */ = {isa = PBXFileReference; lastKnownFileType = image.png; path = "iae-paris1-rue.png"; sourceTree = "<group>"; };
		4A3681AE182D2AA500310672 /* ArticlesTableViewController.h */ = {isa = PBXFileReference; fileEncoding = 4; lastKnownFileType = sourcecode.c.h; path = ArticlesTableViewController.h; sourceTree = "<group>"; };
		4A3681AF182D2AA500310672 /* ArticlesTableViewController.m */ = {isa = PBXFileReference; fileEncoding = 4; lastKnownFileType = sourcecode.c.objc; path = ArticlesTableViewController.m; sourceTree = "<group>"; };
		4A39AC6318620F8400E5ECB9 /* Event.h */ = {isa = PBXFileReference; fileEncoding = 4; lastKnownFileType = sourcecode.c.h; path = Event.h; sourceTree = "<group>"; };
		4A39AC6418620F8400E5ECB9 /* Event.m */ = {isa = PBXFileReference; fileEncoding = 4; lastKnownFileType = sourcecode.c.objc; path = Event.m; sourceTree = "<group>"; };
		4A45BADC183A0F4600F75772 /* SystemConfiguration.framework */ = {isa = PBXFileReference; lastKnownFileType = wrapper.framework; name = SystemConfiguration.framework; path = System/Library/Frameworks/SystemConfiguration.framework; sourceTree = SDKROOT; };
		4A45BADE183A10C600F75772 /* Reachability.h */ = {isa = PBXFileReference; fileEncoding = 4; lastKnownFileType = sourcecode.c.h; path = Reachability.h; sourceTree = "<group>"; };
		4A45BADF183A10C600F75772 /* Reachability.m */ = {isa = PBXFileReference; fileEncoding = 4; lastKnownFileType = sourcecode.c.objc; path = Reachability.m; sourceTree = "<group>"; };
		4A45BAE1183A40DF00F75772 /* EventKit.framework */ = {isa = PBXFileReference; lastKnownFileType = wrapper.framework; name = EventKit.framework; path = System/Library/Frameworks/EventKit.framework; sourceTree = SDKROOT; };
		4A48368A182CED4D009E7970 /* planning.png */ = {isa = PBXFileReference; lastKnownFileType = image.png; path = planning.png; sourceTree = "<group>"; };
		4A48368E182CEE98009E7970 /* agenda.png */ = {isa = PBXFileReference; lastKnownFileType = image.png; path = agenda.png; sourceTree = "<group>"; };
		4A483690182CEEEA009E7970 /* actualites2.png */ = {isa = PBXFileReference; lastKnownFileType = image.png; path = actualites2.png; sourceTree = "<group>"; };
		4A483692182CF058009E7970 /* logo-IAE.png */ = {isa = PBXFileReference; lastKnownFileType = image.png; path = "logo-IAE.png"; sourceTree = "<group>"; };
		4A4BCE79185F0BFA00BEB577 /* social-icon-fb.png */ = {isa = PBXFileReference; lastKnownFileType = image.png; path = "social-icon-fb.png"; sourceTree = "<group>"; };
		4A4BCE7A185F0BFA00BEB577 /* social-icon-in.png */ = {isa = PBXFileReference; lastKnownFileType = image.png; path = "social-icon-in.png"; sourceTree = "<group>"; };
		4A4BCE7B185F0BFA00BEB577 /* social-icon-tw.png */ = {isa = PBXFileReference; lastKnownFileType = image.png; path = "social-icon-tw.png"; sourceTree = "<group>"; };
		4A4BCE7C185F0BFA00BEB577 /* social-icon-yt.png */ = {isa = PBXFileReference; lastKnownFileType = image.png; path = "social-icon-yt.png"; sourceTree = "<group>"; };
		4A4BCE82185F188300BEB577 /* date_to_calendar-small.png */ = {isa = PBXFileReference; lastKnownFileType = image.png; path = "date_to_calendar-small.png"; sourceTree = "<group>"; };
		4A90FDE9182ABB470067CBFE /* infosViewController.h */ = {isa = PBXFileReference; fileEncoding = 4; lastKnownFileType = sourcecode.c.h; path = infosViewController.h; sourceTree = "<group>"; };
		4A90FDEA182ABB470067CBFE /* infosViewController.m */ = {isa = PBXFileReference; fileEncoding = 4; lastKnownFileType = sourcecode.c.objc; path = infosViewController.m; sourceTree = "<group>"; };
		4AAE222E18587D95003A3227 /* Model.xcdatamodel */ = {isa = PBXFileReference; lastKnownFileType = wrapper.xcdatamodel; path = Model.xcdatamodel; sourceTree = "<group>"; };
		4AAE223018587EBF003A3227 /* Article.h */ = {isa = PBXFileReference; fileEncoding = 4; lastKnownFileType = sourcecode.c.h; path = Article.h; sourceTree = "<group>"; };
		4AAE223118587EBF003A3227 /* Article.m */ = {isa = PBXFileReference; fileEncoding = 4; lastKnownFileType = sourcecode.c.objc; path = Article.m; sourceTree = "<group>"; };
		4AC744BF182A55E00087E45F /* EventDetailsViewController.h */ = {isa = PBXFileReference; fileEncoding = 4; lastKnownFileType = sourcecode.c.h; path = EventDetailsViewController.h; sourceTree = "<group>"; };
		4AC744C0182A55E00087E45F /* EventDetailsViewController.m */ = {isa = PBXFileReference; fileEncoding = 4; lastKnownFileType = sourcecode.c.objc; path = EventDetailsViewController.m; sourceTree = "<group>"; };
		4AD246871827ECEE00ACDF4E /* ArticleDetailsViewController.h */ = {isa = PBXFileReference; fileEncoding = 4; lastKnownFileType = sourcecode.c.h; path = ArticleDetailsViewController.h; sourceTree = "<group>"; };
		4AD246881827ECEE00ACDF4E /* ArticleDetailsViewController.m */ = {isa = PBXFileReference; fileEncoding = 4; lastKnownFileType = sourcecode.c.objc; path = ArticleDetailsViewController.m; sourceTree = "<group>"; };
		4AE478BF18043B2400C8CD7E /* Social.framework */ = {isa = PBXFileReference; lastKnownFileType = wrapper.framework; name = Social.framework; path = System/Library/Frameworks/Social.framework; sourceTree = SDKROOT; };
		4AE478C118043B3100C8CD7E /* Accounts.framework */ = {isa = PBXFileReference; lastKnownFileType = wrapper.framework; name = Accounts.framework; path = System/Library/Frameworks/Accounts.framework; sourceTree = SDKROOT; };
		4AE478C318044B0A00C8CD7E /* twitterCell.h */ = {isa = PBXFileReference; fileEncoding = 4; lastKnownFileType = sourcecode.c.h; path = twitterCell.h; sourceTree = "<group>"; };
		4AE478C418044B0A00C8CD7E /* twitterCell.m */ = {isa = PBXFileReference; fileEncoding = 4; lastKnownFileType = sourcecode.c.objc; path = twitterCell.m; sourceTree = "<group>"; };
		4AF8D0EB18293A3100437A49 /* EventsCell.h */ = {isa = PBXFileReference; fileEncoding = 4; lastKnownFileType = sourcecode.c.h; path = EventsCell.h; sourceTree = "<group>"; };
		4AF8D0EC18293A3100437A49 /* EventsCell.m */ = {isa = PBXFileReference; fileEncoding = 4; lastKnownFileType = sourcecode.c.objc; path = EventsCell.m; sourceTree = "<group>"; };
		4AF8D0EE18293B1300437A49 /* EventsViewController.h */ = {isa = PBXFileReference; fileEncoding = 4; lastKnownFileType = sourcecode.c.h; path = EventsViewController.h; sourceTree = "<group>"; };
		4AF8D0EF18293B1300437A49 /* EventsViewController.m */ = {isa = PBXFileReference; fileEncoding = 4; lastKnownFileType = sourcecode.c.objc; path = EventsViewController.m; sourceTree = "<group>"; };
		845EA38F187AE3DB007E5F84 /* Formation.h */ = {isa = PBXFileReference; fileEncoding = 4; lastKnownFileType = sourcecode.c.h; path = Formation.h; sourceTree = "<group>"; };
		845EA390187AE3DB007E5F84 /* Formation.m */ = {isa = PBXFileReference; fileEncoding = 4; lastKnownFileType = sourcecode.c.objc; path = Formation.m; sourceTree = "<group>"; };
		845EA392187AE74D007E5F84 /* FormationsViewController.h */ = {isa = PBXFileReference; fileEncoding = 4; lastKnownFileType = sourcecode.c.h; path = FormationsViewController.h; sourceTree = "<group>"; };
		845EA393187AE74D007E5F84 /* FormationsViewController.m */ = {isa = PBXFileReference; fileEncoding = 4; lastKnownFileType = sourcecode.c.objc; path = FormationsViewController.m; sourceTree = "<group>"; };
		845EA395187B0670007E5F84 /* FormationDetailsViewController.h */ = {isa = PBXFileReference; fileEncoding = 4; lastKnownFileType = sourcecode.c.h; path = FormationDetailsViewController.h; sourceTree = "<group>"; };
		845EA396187B0670007E5F84 /* FormationDetailsViewController.m */ = {isa = PBXFileReference; fileEncoding = 4; lastKnownFileType = sourcecode.c.objc; path = FormationDetailsViewController.m; sourceTree = "<group>"; };
/* End PBXFileReference section */

/* Begin PBXFrameworksBuildPhase section */
		4A045C4D17FC036300E2E2BA /* Frameworks */ = {
			isa = PBXFrameworksBuildPhase;
			buildActionMask = 2147483647;
			files = (
				4A45BAE2183A40DF00F75772 /* EventKit.framework in Frameworks */,
				4A45BADD183A0F4600F75772 /* SystemConfiguration.framework in Frameworks */,
				4AE478C218043B3100C8CD7E /* Accounts.framework in Frameworks */,
				4AE478C018043B2400C8CD7E /* Social.framework in Frameworks */,
				4A045C5617FC036300E2E2BA /* CoreGraphics.framework in Frameworks */,
				4A045C5817FC036300E2E2BA /* UIKit.framework in Frameworks */,
				4A045C5417FC036300E2E2BA /* Foundation.framework in Frameworks */,
			);
			runOnlyForDeploymentPostprocessing = 0;
		};
		4A045C7417FC036400E2E2BA /* Frameworks */ = {
			isa = PBXFrameworksBuildPhase;
			buildActionMask = 2147483647;
			files = (
				4A045C7917FC036400E2E2BA /* XCTest.framework in Frameworks */,
				4A045C7B17FC036400E2E2BA /* UIKit.framework in Frameworks */,
				4A045C7A17FC036400E2E2BA /* Foundation.framework in Frameworks */,
			);
			runOnlyForDeploymentPostprocessing = 0;
		};
/* End PBXFrameworksBuildPhase section */

/* Begin PBXGroup section */
		4A045C4717FC036300E2E2BA = {
			isa = PBXGroup;
			children = (
				4A045C5917FC036300E2E2BA /* IAE */,
				4A045C7E17FC036400E2E2BA /* IAETests */,
				4A045C5217FC036300E2E2BA /* Frameworks */,
				4A045C5117FC036300E2E2BA /* Products */,
			);
			sourceTree = "<group>";
		};
		4A045C5117FC036300E2E2BA /* Products */ = {
			isa = PBXGroup;
			children = (
				4A045C5017FC036300E2E2BA /* IAE.app */,
				4A045C7717FC036400E2E2BA /* IAETests.xctest */,
			);
			name = Products;
			sourceTree = "<group>";
		};
		4A045C5217FC036300E2E2BA /* Frameworks */ = {
			isa = PBXGroup;
			children = (
				4A45BAE1183A40DF00F75772 /* EventKit.framework */,
				4A45BADC183A0F4600F75772 /* SystemConfiguration.framework */,
				4AE478C118043B3100C8CD7E /* Accounts.framework */,
				4AE478BF18043B2400C8CD7E /* Social.framework */,
				4A045C5317FC036300E2E2BA /* Foundation.framework */,
				4A045C5517FC036300E2E2BA /* CoreGraphics.framework */,
				4A045C5717FC036300E2E2BA /* UIKit.framework */,
				4A045C7817FC036400E2E2BA /* XCTest.framework */,
			);
			name = Frameworks;
			sourceTree = "<group>";
		};
		4A045C5917FC036300E2E2BA /* IAE */ = {
			isa = PBXGroup;
			children = (
				4A45BADE183A10C600F75772 /* Reachability.h */,
				4A45BADF183A10C600F75772 /* Reachability.m */,
				4A045C6217FC036300E2E2BA /* AppDelegate.h */,
				4A045C6317FC036300E2E2BA /* AppDelegate.m */,
				4A483687182CEC83009E7970 /* Images */,
				4A045C6517FC036300E2E2BA /* Main_iPhone.storyboard */,
				845EA395187B0670007E5F84 /* FormationDetailsViewController.h */,
				845EA396187B0670007E5F84 /* FormationDetailsViewController.m */,
				845EA392187AE74D007E5F84 /* FormationsViewController.h */,
				845EA393187AE74D007E5F84 /* FormationsViewController.m */,
				4A045C6817FC036300E2E2BA /* Main_iPad.storyboard */,
				4A4BCE81185F17E200BEB577 /* Model */,
				4A3681B1182D363100310672 /* TableViewCell */,
				4A3681AE182D2AA500310672 /* ArticlesTableViewController.h */,
				4A3681AF182D2AA500310672 /* ArticlesTableViewController.m */,
				4AD246871827ECEE00ACDF4E /* ArticleDetailsViewController.h */,
				4AD246881827ECEE00ACDF4E /* ArticleDetailsViewController.m */,
				4AF8D0EE18293B1300437A49 /* EventsViewController.h */,
				4AF8D0EF18293B1300437A49 /* EventsViewController.m */,
				4AC744BF182A55E00087E45F /* EventDetailsViewController.h */,
				4AC744C0182A55E00087E45F /* EventDetailsViewController.m */,
				4A045C6B17FC036300E2E2BA /* PlanningViewController.h */,
				4A045C6C17FC036300E2E2BA /* PlanningViewController.m */,
				4A90FDE9182ABB470067CBFE /* infosViewController.h */,
				4A90FDEA182ABB470067CBFE /* infosViewController.m */,
				4A045C6E17FC036300E2E2BA /* TwitterViewController.h */,
				4A045C6F17FC036300E2E2BA /* TwitterViewController.m */,
				4A045C7117FC036400E2E2BA /* Images.xcassets */,
				4A045C5A17FC036300E2E2BA /* Supporting Files */,
			);
			path = IAE;
			sourceTree = "<group>";
		};
		4A045C5A17FC036300E2E2BA /* Supporting Files */ = {
			isa = PBXGroup;
			children = (
				4A045C5B17FC036300E2E2BA /* IAE-Info.plist */,
				4A045C5C17FC036300E2E2BA /* InfoPlist.strings */,
				4A045C5F17FC036300E2E2BA /* main.m */,
				4A045C6117FC036300E2E2BA /* IAE-Prefix.pch */,
			);
			name = "Supporting Files";
			sourceTree = "<group>";
		};
		4A045C7E17FC036400E2E2BA /* IAETests */ = {
			isa = PBXGroup;
			children = (
				4A045C8417FC036400E2E2BA /* IAETests.m */,
				4A045C7F17FC036400E2E2BA /* Supporting Files */,
			);
			path = IAETests;
			sourceTree = "<group>";
		};
		4A045C7F17FC036400E2E2BA /* Supporting Files */ = {
			isa = PBXGroup;
			children = (
				4A045C8017FC036400E2E2BA /* IAETests-Info.plist */,
				4A045C8117FC036400E2E2BA /* InfoPlist.strings */,
			);
			name = "Supporting Files";
			sourceTree = "<group>";
		};
		4A3681B1182D363100310672 /* TableViewCell */ = {
			isa = PBXGroup;
			children = (
				4AF8D0EB18293A3100437A49 /* EventsCell.h */,
				4AF8D0EC18293A3100437A49 /* EventsCell.m */,
				4A045C8E17FC299900E2E2BA /* PlanningCell.h */,
				4A045C8F17FC299900E2E2BA /* PlanningCell.m */,
				4AE478C318044B0A00C8CD7E /* twitterCell.h */,
				4AE478C418044B0A00C8CD7E /* twitterCell.m */,
				4A1F0D161827BD0200027A8B /* ArticlesCell.h */,
				4A1F0D171827BD0200027A8B /* ArticlesCell.m */,
			);
			name = TableViewCell;
			sourceTree = "<group>";
		};
		4A483687182CEC83009E7970 /* Images */ = {
			isa = PBXGroup;
			children = (
				4A4BCE82185F188300BEB577 /* date_to_calendar-small.png */,
				4A4BCE79185F0BFA00BEB577 /* social-icon-fb.png */,
				4A4BCE7A185F0BFA00BEB577 /* social-icon-in.png */,
				4A4BCE7B185F0BFA00BEB577 /* social-icon-tw.png */,
				4A4BCE7C185F0BFA00BEB577 /* social-icon-yt.png */,
				4A483692182CF058009E7970 /* logo-IAE.png */,
				4A483690182CEEEA009E7970 /* actualites2.png */,
				4A48368E182CEE98009E7970 /* agenda.png */,
				4A48368A182CED4D009E7970 /* planning.png */,
				4A20BCC4182BC6BF00E5EF8C /* iae-paris1-rue.png */,
			);
			name = Images;
			sourceTree = "<group>";
		};
		4A4BCE81185F17E200BEB577 /* Model */ = {
			isa = PBXGroup;
			children = (
				4AAE222D18587D95003A3227 /* Model.xcdatamodeld */,
				4A39AC6318620F8400E5ECB9 /* Event.h */,
				4A39AC6418620F8400E5ECB9 /* Event.m */,
				4AAE223018587EBF003A3227 /* Article.h */,
				4AAE223118587EBF003A3227 /* Article.m */,
				845EA38F187AE3DB007E5F84 /* Formation.h */,
				845EA390187AE3DB007E5F84 /* Formation.m */,
			);
			name = Model;
			sourceTree = "<group>";
		};
/* End PBXGroup section */

/* Begin PBXNativeTarget section */
		4A045C4F17FC036300E2E2BA /* IAE */ = {
			isa = PBXNativeTarget;
			buildConfigurationList = 4A045C8817FC036400E2E2BA /* Build configuration list for PBXNativeTarget "IAE" */;
			buildPhases = (
				4A045C4C17FC036300E2E2BA /* Sources */,
				4A045C4D17FC036300E2E2BA /* Frameworks */,
				4A045C4E17FC036300E2E2BA /* Resources */,
			);
			buildRules = (
			);
			dependencies = (
			);
			name = IAE;
			productName = IAE;
			productReference = 4A045C5017FC036300E2E2BA /* IAE.app */;
			productType = "com.apple.product-type.application";
		};
		4A045C7617FC036400E2E2BA /* IAETests */ = {
			isa = PBXNativeTarget;
			buildConfigurationList = 4A045C8B17FC036400E2E2BA /* Build configuration list for PBXNativeTarget "IAETests" */;
			buildPhases = (
				4A045C7317FC036400E2E2BA /* Sources */,
				4A045C7417FC036400E2E2BA /* Frameworks */,
				4A045C7517FC036400E2E2BA /* Resources */,
			);
			buildRules = (
			);
			dependencies = (
				4A045C7D17FC036400E2E2BA /* PBXTargetDependency */,
			);
			name = IAETests;
			productName = IAETests;
			productReference = 4A045C7717FC036400E2E2BA /* IAETests.xctest */;
			productType = "com.apple.product-type.bundle.unit-test";
		};
/* End PBXNativeTarget section */

/* Begin PBXProject section */
		4A045C4817FC036300E2E2BA /* Project object */ = {
			isa = PBXProject;
			attributes = {
				LastUpgradeCheck = 0500;
				ORGANIZATIONNAME = "Philippe Nougaillon";
				TargetAttributes = {
					4A045C4F17FC036300E2E2BA = {
						DevelopmentTeam = CV79DX276R;
					};
					4A045C7617FC036400E2E2BA = {
						TestTargetID = 4A045C4F17FC036300E2E2BA;
					};
				};
			};
			buildConfigurationList = 4A045C4B17FC036300E2E2BA /* Build configuration list for PBXProject "IAE" */;
			compatibilityVersion = "Xcode 3.2";
			developmentRegion = English;
			hasScannedForEncodings = 0;
			knownRegions = (
				en,
				Base,
			);
			mainGroup = 4A045C4717FC036300E2E2BA;
			productRefGroup = 4A045C5117FC036300E2E2BA /* Products */;
			projectDirPath = "";
			projectRoot = "";
			targets = (
				4A045C4F17FC036300E2E2BA /* IAE */,
				4A045C7617FC036400E2E2BA /* IAETests */,
			);
		};
/* End PBXProject section */

/* Begin PBXResourcesBuildPhase section */
		4A045C4E17FC036300E2E2BA /* Resources */ = {
			isa = PBXResourcesBuildPhase;
			buildActionMask = 2147483647;
			files = (
				4A483691182CEEEA009E7970 /* actualites2.png in Resources */,
				4A045C6A17FC036300E2E2BA /* Main_iPad.storyboard in Resources */,
				4A20BCC5182BC6BF00E5EF8C /* iae-paris1-rue.png in Resources */,
				4A4BCE80185F0BFA00BEB577 /* social-icon-yt.png in Resources */,
				4A48368F182CEE98009E7970 /* agenda.png in Resources */,
				4A045C7217FC036400E2E2BA /* Images.xcassets in Resources */,
				4A483693182CF058009E7970 /* logo-IAE.png in Resources */,
				4A4BCE7E185F0BFA00BEB577 /* social-icon-in.png in Resources */,
				4A4BCE83185F188300BEB577 /* date_to_calendar-small.png in Resources */,
				4A4BCE7D185F0BFA00BEB577 /* social-icon-fb.png in Resources */,
				4A045C6717FC036300E2E2BA /* Main_iPhone.storyboard in Resources */,
				4A48368B182CED4D009E7970 /* planning.png in Resources */,
				4A4BCE7F185F0BFA00BEB577 /* social-icon-tw.png in Resources */,
				4A045C5E17FC036300E2E2BA /* InfoPlist.strings in Resources */,
			);
			runOnlyForDeploymentPostprocessing = 0;
		};
		4A045C7517FC036400E2E2BA /* Resources */ = {
			isa = PBXResourcesBuildPhase;
			buildActionMask = 2147483647;
			files = (
				4A045C8317FC036400E2E2BA /* InfoPlist.strings in Resources */,
			);
			runOnlyForDeploymentPostprocessing = 0;
		};
/* End PBXResourcesBuildPhase section */

/* Begin PBXSourcesBuildPhase section */
		4A045C4C17FC036300E2E2BA /* Sources */ = {
			isa = PBXSourcesBuildPhase;
			buildActionMask = 2147483647;
			files = (
				4AD246891827ECEE00ACDF4E /* ArticleDetailsViewController.m in Sources */,
				4A1F0D181827BD0200027A8B /* ArticlesCell.m in Sources */,
				4AAE222F18587D95003A3227 /* Model.xcdatamodeld in Sources */,
				4A3681B0182D2AA500310672 /* ArticlesTableViewController.m in Sources */,
				4A045C9017FC299900E2E2BA /* PlanningCell.m in Sources */,
				845EA394187AE74D007E5F84 /* FormationsViewController.m in Sources */,
				4A045C7017FC036300E2E2BA /* TwitterViewController.m in Sources */,
				4A39AC6518620F8400E5ECB9 /* Event.m in Sources */,
				4AF8D0ED18293A3100437A49 /* EventsCell.m in Sources */,
				4A045C6417FC036300E2E2BA /* AppDelegate.m in Sources */,
				845EA397187B0670007E5F84 /* FormationDetailsViewController.m in Sources */,
				4AAE223218587EBF003A3227 /* Article.m in Sources */,
				4AC744C1182A55E00087E45F /* EventDetailsViewController.m in Sources */,
				4AE478C518044B0A00C8CD7E /* twitterCell.m in Sources */,
				4A045C6D17FC036300E2E2BA /* PlanningViewController.m in Sources */,
				4A45BAE0183A10C600F75772 /* Reachability.m in Sources */,
				4A045C6017FC036300E2E2BA /* main.m in Sources */,
				845EA391187AE3DB007E5F84 /* Formation.m in Sources */,
				4A90FDEB182ABB470067CBFE /* infosViewController.m in Sources */,
				4AF8D0F018293B1300437A49 /* EventsViewController.m in Sources */,
			);
			runOnlyForDeploymentPostprocessing = 0;
		};
		4A045C7317FC036400E2E2BA /* Sources */ = {
			isa = PBXSourcesBuildPhase;
			buildActionMask = 2147483647;
			files = (
				4A045C8517FC036400E2E2BA /* IAETests.m in Sources */,
			);
			runOnlyForDeploymentPostprocessing = 0;
		};
/* End PBXSourcesBuildPhase section */

/* Begin PBXTargetDependency section */
		4A045C7D17FC036400E2E2BA /* PBXTargetDependency */ = {
			isa = PBXTargetDependency;
			target = 4A045C4F17FC036300E2E2BA /* IAE */;
			targetProxy = 4A045C7C17FC036400E2E2BA /* PBXContainerItemProxy */;
		};
/* End PBXTargetDependency section */

/* Begin PBXVariantGroup section */
		4A045C5C17FC036300E2E2BA /* InfoPlist.strings */ = {
			isa = PBXVariantGroup;
			children = (
				4A045C5D17FC036300E2E2BA /* en */,
			);
			name = InfoPlist.strings;
			sourceTree = "<group>";
		};
		4A045C6517FC036300E2E2BA /* Main_iPhone.storyboard */ = {
			isa = PBXVariantGroup;
			children = (
				4A045C6617FC036300E2E2BA /* Base */,
			);
			name = Main_iPhone.storyboard;
			sourceTree = "<group>";
		};
		4A045C6817FC036300E2E2BA /* Main_iPad.storyboard */ = {
			isa = PBXVariantGroup;
			children = (
				4A045C6917FC036300E2E2BA /* Base */,
			);
			name = Main_iPad.storyboard;
			sourceTree = "<group>";
		};
		4A045C8117FC036400E2E2BA /* InfoPlist.strings */ = {
			isa = PBXVariantGroup;
			children = (
				4A045C8217FC036400E2E2BA /* en */,
			);
			name = InfoPlist.strings;
			sourceTree = "<group>";
		};
/* End PBXVariantGroup section */

/* Begin XCBuildConfiguration section */
		4A045C8617FC036400E2E2BA /* Debug */ = {
			isa = XCBuildConfiguration;
			buildSettings = {
				ALWAYS_SEARCH_USER_PATHS = NO;
				ARCHS = "$(ARCHS_STANDARD_INCLUDING_64_BIT)";
				CLANG_CXX_LANGUAGE_STANDARD = "gnu++0x";
				CLANG_CXX_LIBRARY = "libc++";
				CLANG_ENABLE_MODULES = YES;
				CLANG_ENABLE_OBJC_ARC = YES;
				CLANG_WARN_BOOL_CONVERSION = YES;
				CLANG_WARN_CONSTANT_CONVERSION = YES;
				CLANG_WARN_DIRECT_OBJC_ISA_USAGE = YES_ERROR;
				CLANG_WARN_EMPTY_BODY = YES;
				CLANG_WARN_ENUM_CONVERSION = YES;
				CLANG_WARN_INT_CONVERSION = YES;
				CLANG_WARN_OBJC_ROOT_CLASS = YES_ERROR;
				CLANG_WARN__DUPLICATE_METHOD_MATCH = YES;
				"CODE_SIGN_IDENTITY[sdk=iphoneos*]" = "iPhone Developer";
				COPY_PHASE_STRIP = NO;
				GCC_C_LANGUAGE_STANDARD = gnu99;
				GCC_DYNAMIC_NO_PIC = NO;
				GCC_OPTIMIZATION_LEVEL = 0;
				GCC_PREPROCESSOR_DEFINITIONS = (
					"DEBUG=1",
					"$(inherited)",
				);
				GCC_SYMBOLS_PRIVATE_EXTERN = NO;
				GCC_WARN_64_TO_32_BIT_CONVERSION = YES;
				GCC_WARN_ABOUT_RETURN_TYPE = YES_ERROR;
				GCC_WARN_UNDECLARED_SELECTOR = YES;
				GCC_WARN_UNINITIALIZED_AUTOS = YES;
				GCC_WARN_UNUSED_FUNCTION = YES;
				GCC_WARN_UNUSED_VARIABLE = YES;
				IPHONEOS_DEPLOYMENT_TARGET = 7.0;
				ONLY_ACTIVE_ARCH = YES;
				SDKROOT = iphoneos;
				TARGETED_DEVICE_FAMILY = "1,2";
			};
			name = Debug;
		};
		4A045C8717FC036400E2E2BA /* Release */ = {
			isa = XCBuildConfiguration;
			buildSettings = {
				ALWAYS_SEARCH_USER_PATHS = NO;
				ARCHS = "$(ARCHS_STANDARD_INCLUDING_64_BIT)";
				CLANG_CXX_LANGUAGE_STANDARD = "gnu++0x";
				CLANG_CXX_LIBRARY = "libc++";
				CLANG_ENABLE_MODULES = YES;
				CLANG_ENABLE_OBJC_ARC = YES;
				CLANG_WARN_BOOL_CONVERSION = YES;
				CLANG_WARN_CONSTANT_CONVERSION = YES;
				CLANG_WARN_DIRECT_OBJC_ISA_USAGE = YES_ERROR;
				CLANG_WARN_EMPTY_BODY = YES;
				CLANG_WARN_ENUM_CONVERSION = YES;
				CLANG_WARN_INT_CONVERSION = YES;
				CLANG_WARN_OBJC_ROOT_CLASS = YES_ERROR;
				CLANG_WARN__DUPLICATE_METHOD_MATCH = YES;
				"CODE_SIGN_IDENTITY[sdk=iphoneos*]" = "iPhone Developer";
				COPY_PHASE_STRIP = YES;
				ENABLE_NS_ASSERTIONS = NO;
				GCC_C_LANGUAGE_STANDARD = gnu99;
				GCC_WARN_64_TO_32_BIT_CONVERSION = YES;
				GCC_WARN_ABOUT_RETURN_TYPE = YES_ERROR;
				GCC_WARN_UNDECLARED_SELECTOR = YES;
				GCC_WARN_UNINITIALIZED_AUTOS = YES;
				GCC_WARN_UNUSED_FUNCTION = YES;
				GCC_WARN_UNUSED_VARIABLE = YES;
				IPHONEOS_DEPLOYMENT_TARGET = 7.0;
				SDKROOT = iphoneos;
				TARGETED_DEVICE_FAMILY = "1,2";
				VALIDATE_PRODUCT = YES;
			};
			name = Release;
		};
		4A045C8917FC036400E2E2BA /* Debug */ = {
			isa = XCBuildConfiguration;
			buildSettings = {
				ASSETCATALOG_COMPILER_APPICON_NAME = AppIcon;
				ASSETCATALOG_COMPILER_LAUNCHIMAGE_NAME = LaunchImage;
				CODE_SIGN_IDENTITY = "iPhone Developer";
				"CODE_SIGN_IDENTITY[sdk=iphoneos*]" = "iPhone Developer";
				GCC_PRECOMPILE_PREFIX_HEADER = YES;
				GCC_PREFIX_HEADER = "IAE/IAE-Prefix.pch";
				INFOPLIST_FILE = "IAE/IAE-Info.plist";
				PRODUCT_NAME = "$(TARGET_NAME)";
				PROVISIONING_PROFILE = "";
				WRAPPER_EXTENSION = app;
			};
			name = Debug;
		};
		4A045C8A17FC036400E2E2BA /* Release */ = {
			isa = XCBuildConfiguration;
			buildSettings = {
				ASSETCATALOG_COMPILER_APPICON_NAME = AppIcon;
				ASSETCATALOG_COMPILER_LAUNCHIMAGE_NAME = LaunchImage;
				CODE_SIGN_IDENTITY = "iPhone Developer";
				"CODE_SIGN_IDENTITY[sdk=iphoneos*]" = "iPhone Developer";
				GCC_PRECOMPILE_PREFIX_HEADER = YES;
				GCC_PREFIX_HEADER = "IAE/IAE-Prefix.pch";
				INFOPLIST_FILE = "IAE/IAE-Info.plist";
				PRODUCT_NAME = "$(TARGET_NAME)";
				PROVISIONING_PROFILE = "";
				WRAPPER_EXTENSION = app;
			};
			name = Release;
		};
		4A045C8C17FC036400E2E2BA /* Debug */ = {
			isa = XCBuildConfiguration;
			buildSettings = {
				ARCHS = "$(ARCHS_STANDARD_INCLUDING_64_BIT)";
				BUNDLE_LOADER = "$(BUILT_PRODUCTS_DIR)/IAE.app/IAE";
				FRAMEWORK_SEARCH_PATHS = (
					"$(SDKROOT)/Developer/Library/Frameworks",
					"$(inherited)",
					"$(DEVELOPER_FRAMEWORKS_DIR)",
				);
				GCC_PRECOMPILE_PREFIX_HEADER = YES;
				GCC_PREFIX_HEADER = "IAE/IAE-Prefix.pch";
				GCC_PREPROCESSOR_DEFINITIONS = (
					"DEBUG=1",
					"$(inherited)",
				);
				INFOPLIST_FILE = "IAETests/IAETests-Info.plist";
				PRODUCT_NAME = "$(TARGET_NAME)";
				TEST_HOST = "$(BUNDLE_LOADER)";
				WRAPPER_EXTENSION = xctest;
			};
			name = Debug;
		};
		4A045C8D17FC036400E2E2BA /* Release */ = {
			isa = XCBuildConfiguration;
			buildSettings = {
				ARCHS = "$(ARCHS_STANDARD_INCLUDING_64_BIT)";
				BUNDLE_LOADER = "$(BUILT_PRODUCTS_DIR)/IAE.app/IAE";
				FRAMEWORK_SEARCH_PATHS = (
					"$(SDKROOT)/Developer/Library/Frameworks",
					"$(inherited)",
					"$(DEVELOPER_FRAMEWORKS_DIR)",
				);
				GCC_PRECOMPILE_PREFIX_HEADER = YES;
				GCC_PREFIX_HEADER = "IAE/IAE-Prefix.pch";
				INFOPLIST_FILE = "IAETests/IAETests-Info.plist";
				PRODUCT_NAME = "$(TARGET_NAME)";
				TEST_HOST = "$(BUNDLE_LOADER)";
				WRAPPER_EXTENSION = xctest;
			};
			name = Release;
		};
/* End XCBuildConfiguration section */

/* Begin XCConfigurationList section */
		4A045C4B17FC036300E2E2BA /* Build configuration list for PBXProject "IAE" */ = {
			isa = XCConfigurationList;
			buildConfigurations = (
				4A045C8617FC036400E2E2BA /* Debug */,
				4A045C8717FC036400E2E2BA /* Release */,
			);
			defaultConfigurationIsVisible = 0;
			defaultConfigurationName = Release;
		};
		4A045C8817FC036400E2E2BA /* Build configuration list for PBXNativeTarget "IAE" */ = {
			isa = XCConfigurationList;
			buildConfigurations = (
				4A045C8917FC036400E2E2BA /* Debug */,
				4A045C8A17FC036400E2E2BA /* Release */,
			);
			defaultConfigurationIsVisible = 0;
			defaultConfigurationName = Release;
		};
		4A045C8B17FC036400E2E2BA /* Build configuration list for PBXNativeTarget "IAETests" */ = {
			isa = XCConfigurationList;
			buildConfigurations = (
				4A045C8C17FC036400E2E2BA /* Debug */,
				4A045C8D17FC036400E2E2BA /* Release */,
			);
			defaultConfigurationIsVisible = 0;
			defaultConfigurationName = Release;
		};
/* End XCConfigurationList section */

/* Begin XCVersionGroup section */
		4AAE222D18587D95003A3227 /* Model.xcdatamodeld */ = {
			isa = XCVersionGroup;
			children = (
				4AAE222E18587D95003A3227 /* Model.xcdatamodel */,
			);
			currentVersion = 4AAE222E18587D95003A3227 /* Model.xcdatamodel */;
			path = Model.xcdatamodeld;
			sourceTree = "<group>";
			versionGroupType = wrapper.xcdatamodel;
		};
/* End XCVersionGroup section */
	};
	rootObject = 4A045C4817FC036300E2E2BA /* Project object */;
}
